
Microsoft Visual Studio Solution File, Format Version 12.00
# Visual Studio Version 18
VisualStudioVersion = 18.9.12120.119 stable
MinimumVisualStudioVersion = 10.0.40219.1
Project("{8BC9CEB8-8B4A-11D0-8D11-00A0C91BC942}") = "vmm", "vmm\vmm.vcxproj", "{6326FCE0-1BA5-4AEC-9973-7783309FFD6B}"
	ProjectSection(ProjectDependencies) = postProject
		{3476ABD2-5DEA-43E6-A676-8BE25F74535A} = {3476ABD2-5DEA-43E6-A676-8BE25F74535A}
	EndProjectSection
EndProject
Project("{8BC9CEB8-8B4A-11D0-8D11-00A0C91BC942}") = "leechcore", "..\LeechCore\leechcore\leechcore.vcxproj", "{3476ABD2-5DEA-43E6-A676-8BE25F74535A}"
EndProject
Global
	GlobalSection(SolutionConfigurationPlatforms) = preSolution
		Debug|Any CPU = Debug|Any CPU
		Debug|ARM64 = Debug|ARM64
		Debug|x64 = Debug|x64
		Debug|x86 = Debug|x86
		Release|Any CPU = Release|Any CPU
		Release|ARM64 = Release|ARM64
		Release|x64 = Release|x64
		Release|x86 = Release|x86
	EndGlobalSection
	GlobalSection(ProjectConfigurationPlatforms) = postSolution
		{6326FCE0-1BA5-4AEC-9973-7783309FFD6B}.Debug|Any CPU.ActiveCfg = Debug|x64
		{6326FCE0-1BA5-4AEC-9973-7783309FFD6B}.Debug|Any CPU.Build.0 = Debug|x64
		{6326FCE0-1BA5-4AEC-9973-7783309FFD6B}.Debug|ARM64.ActiveCfg = Debug|ARM64
		{6326FCE0-1BA5-4AEC-9973-7783309FFD6B}.Debug|ARM64.Build.0 = Debug|ARM64
		{6326FCE0-1BA5-4AEC-9973-7783309FFD6B}.Debug|x64.ActiveCfg = Debug|x64
		{6326FCE0-1BA5-4AEC-9973-7783309FFD6B}.Debug|x64.Build.0 = Debug|x64
		{6326FCE0-1BA5-4AEC-9973-7783309FFD6B}.Debug|x86.ActiveCfg = Debug|Win32
		{6326FCE0-1BA5-4AEC-9973-7783309FFD6B}.Debug|x86.Build.0 = Debug|Win32
		{6326FCE0-1BA5-4AEC-9973-7783309FFD6B}.Release|Any CPU.ActiveCfg = Release|x64
		{6326FCE0-1BA5-4AEC-9973-7783309FFD6B}.Release|Any CPU.Build.0 = Release|x64
		{6326FCE0-1BA5-4AEC-9973-7783309FFD6B}.Release|ARM64.ActiveCfg = Release|ARM64
		{6326FCE0-1BA5-4AEC-9973-7783309FFD6B}.Release|ARM64.Build.0 = Release|ARM64
		{6326FCE0-1BA5-4AEC-9973-7783309FFD6B}.Release|x64.ActiveCfg = Release|x64
		{6326FCE0-1BA5-4AEC-9973-7783309FFD6B}.Release|x64.Build.0 = Release|x64
		{6326FCE0-1BA5-4AEC-9973-7783309FFD6B}.Release|x86.ActiveCfg = Release|Win32
		{6326FCE0-1BA5-4AEC-9973-7783309FFD6B}.Release|x86.Build.0 = Release|Win32
		{3476ABD2-5DEA-43E6-A676-8BE25F74535A}.Debug|Any CPU.ActiveCfg = Debug|x64
		{3476ABD2-5DEA-43E6-A676-8BE25F74535A}.Debug|Any CPU.Build.0 = Debug|x64
		{3476ABD2-5DEA-43E6-A676-8BE25F74535A}.Debug|ARM64.ActiveCfg = Debug|ARM64
		{3476ABD2-5DEA-43E6-A676-8BE25F74535A}.Debug|ARM64.Build.0 = Debug|ARM64
		{3476ABD2-5DEA-43E6-A676-8BE25F74535A}.Debug|x64.ActiveCfg = Debug|x64
		{3476ABD2-5DEA-43E6-A676-8BE25F74535A}.Debug|x64.Build.0 = Debug|x64
		{3476ABD2-5DEA-43E6-A676-8BE25F74535A}.Debug|x86.ActiveCfg = Debug|Win32
		{3476ABD2-5DEA-43E6-A676-8BE25F74535A}.Debug|x86.Build.0 = Debug|Win32
		{3476ABD2-5DEA-43E6-A676-8BE25F74535A}.Release|Any CPU.ActiveCfg = Release|x64
		{3476ABD2-5DEA-43E6-A676-8BE25F74535A}.Release|Any CPU.Build.0 = Release|x64
		{3476ABD2-5DEA-43E6-A676-8BE25F74535A}.Release|ARM64.ActiveCfg = Release|ARM64
		{3476ABD2-5DEA-43E6-A676-8BE25F74535A}.Release|ARM64.Build.0 = Release|ARM64
		{3476ABD2-5DEA-43E6-A676-8BE25F74535A}.Release|x64.ActiveCfg = Release|x64
		{3476ABD2-5DEA-43E6-A676-8BE25F74535A}.Release|x64.Build.0 = Release|x64
		{3476ABD2-5DEA-43E6-A676-8BE25F74535A}.Release|x86.ActiveCfg = Release|Win32
		{3476ABD2-5DEA-43E6-A676-8BE25F74535A}.Release|x86.Build.0 = Release|Win32
	EndGlobalSection
	GlobalSection(SolutionProperties) = preSolution
		HideSolutionNode = FALSE
	EndGlobalSection
	GlobalSection(ExtensibilityGlobals) = postSolution
		SolutionGuid = {CE6C3AA7-477A-4329-B4E3-5F219ACF4063}
	EndGlobalSection
EndGlobal
